
Microsoft Visual Studio Solution File, Format Version 12.00
# Visual Studio Version 17
VisualStudioVersion = 17.8.34309.116
MinimumVisualStudioVersion = 10.0.40219.1
Project("{FAE04EC0-301F-11D3-BF4B-00C04F79EFBC}") = "GCD_2", "GCD_2\GCD_2.csproj", "{F27B14EE-5B6E-41FB-B152-2B17CE5E7DE6}"
EndProject
Project("{FAE04EC0-301F-11D3-BF4B-00C04F79EFBC}") = "TestGCD2", "TestGCD2\TestGCD2.csproj", "{FD1F5601-F995-420F-87A9-F1B93696A480}"
EndProject
Global
	GlobalSection(SolutionConfigurationPlatforms) = preSolution
		Debug|Any CPU = Debug|Any CPU
		Release|Any CPU = Release|Any CPU
	EndGlobalSection
	GlobalSection(ProjectConfigurationPlatforms) = postSolution
		{F27B14EE-5B6E-41FB-B152-2B17CE5E7DE6}.Debug|Any CPU.ActiveCfg = Debug|Any CPU
		{F27B14EE-5B6E-41FB-B152-2B17CE5E7DE6}.Debug|Any CPU.Build.0 = Debug|Any CPU
		{F27B14EE-5B6E-41FB-B152-2B17CE5E7DE6}.Release|Any CPU.ActiveCfg = Release|Any CPU
		{F27B14EE-5B6E-41FB-B152-2B17CE5E7DE6}.Release|Any CPU.Build.0 = Release|Any CPU
		{FD1F5601-F995-420F-87A9-F1B93696A480}.Debug|Any CPU.ActiveCfg = Debug|Any CPU
		{FD1F5601-F995-420F-87A9-F1B93696A480}.Debug|Any CPU.Build.0 = Debug|Any CPU
		{FD1F5601-F995-420F-87A9-F1B93696A480}.Release|Any CPU.ActiveCfg = Release|Any CPU
		{FD1F5601-F995-420F-87A9-F1B93696A480}.Release|Any CPU.Build.0 = Release|Any CPU
	EndGlobalSection
	GlobalSection(SolutionProperties) = preSolution
		HideSolutionNode = FALSE
	EndGlobalSection
	GlobalSection(ExtensibilityGlobals) = postSolution
		SolutionGuid = {EDF2B041-8719-46D2-8A4C-0D12D9797F02}
	EndGlobalSection
EndGlobal
